
Microsoft Visual Studio Solution File, Format Version 12.00
# Visual Studio 15
Project("{FAE04EC0-301F-11D3-BF4B-00C04F79EFBC}") = "PhotonUnityNetworking.Demos", "PhotonUnityNetworking.Demos.csproj", "{FA7CC873-075C-EB0A-2E45-B66E3BF39CF0}"
EndProject
Project("{FAE04EC0-301F-11D3-BF4B-00C04F79EFBC}") = "PhotonUnityNetworking.Utilities", "PhotonUnityNetworking.Utilities.csproj", "{3D76D617-729D-53CC-BD35-4C0AF54292D5}"
EndProject
Project("{FAE04EC0-301F-11D3-BF4B-00C04F79EFBC}") = "PhotonChat", "PhotonChat.csproj", "{F9F41985-42D9-B199-72E1-573A6A5D499E}"
EndProject
Project("{FAE04EC0-301F-11D3-BF4B-00C04F79EFBC}") = "PhotonUnityNetworking", "PhotonUnityNetworking.csproj", "{7A7678DE-677B-610F-AFF8-59C7A1F32028}"
EndProject
Project("{FAE04EC0-301F-11D3-BF4B-00C04F79EFBC}") = "Assembly-CSharp", "Assembly-CSharp.csproj", "{940805FA-233B-1481-CB6A-9A3D7A431B9A}"
EndProject
Project("{FAE04EC0-301F-11D3-BF4B-00C04F79EFBC}") = "PhotonRealtime", "PhotonRealtime.csproj", "{B12C0ADB-948B-E2BB-73C7-7E76A0F928F1}"
EndProject
Project("{FAE04EC0-301F-11D3-BF4B-00C04F79EFBC}") = "PhotonUnityNetworking.Editor", "PhotonUnityNetworking.Editor.csproj", "{C98372C9-D9BD-37ED-7512-EEA59C578470}"
EndProject
Project("{FAE04EC0-301F-11D3-BF4B-00C04F79EFBC}") = "PunDemos.DemoHubEditor", "PunDemos.DemoHubEditor.csproj", "{29578C43-042D-3A97-D7D2-4C1A31C73C88}"
EndProject
Project("{FAE04EC0-301F-11D3-BF4B-00C04F79EFBC}") = "PhotonUnityNetworking.Utilities.PhotonPlayer.Editor", "PhotonUnityNetworking.Utilities.PhotonPlayer.Editor.csproj", "{F807EDEA-0984-218A-9A75-04184E2D3B49}"
EndProject
Project("{FAE04EC0-301F-11D3-BF4B-00C04F79EFBC}") = "PhotonUnityNetworking.Utilities.Culling.Editor", "PhotonUnityNetworking.Utilities.Culling.Editor.csproj", "{5F0D716D-82DE-5675-224D-E6C0803D02FF}"
EndProject
Project("{FAE04EC0-301F-11D3-BF4B-00C04F79EFBC}") = "PunDemos.DemoSlotcarEditor", "PunDemos.DemoSlotcarEditor.csproj", "{CD32D849-D02A-3026-DD2A-A7808243AB34}"
EndProject
Project("{FAE04EC0-301F-11D3-BF4B-00C04F79EFBC}") = "Assembly-CSharp-Editor", "Assembly-CSharp-Editor.csproj", "{83AC2CED-3F1E-4332-570C-44E6302B2923}"
EndProject
Global
	GlobalSection(SolutionConfigurationPlatforms) = preSolution
		Debug|Any CPU = Debug|Any CPU
		Release|Any CPU = Release|Any CPU
	EndGlobalSection
	GlobalSection(ProjectConfigurationPlatforms) = postSolution
		{FA7CC873-075C-EB0A-2E45-B66E3BF39CF0}.Debug|Any CPU.ActiveCfg = Debug|Any CPU
		{FA7CC873-075C-EB0A-2E45-B66E3BF39CF0}.Debug|Any CPU.Build.0 = Debug|Any CPU
		{FA7CC873-075C-EB0A-2E45-B66E3BF39CF0}.Release|Any CPU.ActiveCfg = Release|Any CPU
		{FA7CC873-075C-EB0A-2E45-B66E3BF39CF0}.Release|Any CPU.Build.0 = Release|Any CPU
		{3D76D617-729D-53CC-BD35-4C0AF54292D5}.Debug|Any CPU.ActiveCfg = Debug|Any CPU
		{3D76D617-729D-53CC-BD35-4C0AF54292D5}.Debug|Any CPU.Build.0 = Debug|Any CPU
		{3D76D617-729D-53CC-BD35-4C0AF54292D5}.Release|Any CPU.ActiveCfg = Release|Any CPU
		{3D76D617-729D-53CC-BD35-4C0AF54292D5}.Release|Any CPU.Build.0 = Release|Any CPU
		{F9F41985-42D9-B199-72E1-573A6A5D499E}.Debug|Any CPU.ActiveCfg = Debug|Any CPU
		{F9F41985-42D9-B199-72E1-573A6A5D499E}.Debug|Any CPU.Build.0 = Debug|Any CPU
		{F9F41985-42D9-B199-72E1-573A6A5D499E}.Release|Any CPU.ActiveCfg = Release|Any CPU
		{F9F41985-42D9-B199-72E1-573A6A5D499E}.Release|Any CPU.Build.0 = Release|Any CPU
		{7A7678DE-677B-610F-AFF8-59C7A1F32028}.Debug|Any CPU.ActiveCfg = Debug|Any CPU
		{7A7678DE-677B-610F-AFF8-59C7A1F32028}.Debug|Any CPU.Build.0 = Debug|Any CPU
		{7A7678DE-677B-610F-AFF8-59C7A1F32028}.Release|Any CPU.ActiveCfg = Release|Any CPU
		{7A7678DE-677B-610F-AFF8-59C7A1F32028}.Release|Any CPU.Build.0 = Release|Any CPU
		{940805FA-233B-1481-CB6A-9A3D7A431B9A}.Debug|Any CPU.ActiveCfg = Debug|Any CPU
		{940805FA-233B-1481-CB6A-9A3D7A431B9A}.Debug|Any CPU.Build.0 = Debug|Any CPU
		{940805FA-233B-1481-CB6A-9A3D7A431B9A}.Release|Any CPU.ActiveCfg = Release|Any CPU
		{940805FA-233B-1481-CB6A-9A3D7A431B9A}.Release|Any CPU.Build.0 = Release|Any CPU
		{B12C0ADB-948B-E2BB-73C7-7E76A0F928F1}.Debug|Any CPU.ActiveCfg = Debug|Any CPU
		{B12C0ADB-948B-E2BB-73C7-7E76A0F928F1}.Debug|Any CPU.Build.0 = Debug|Any CPU
		{B12C0ADB-948B-E2BB-73C7-7E76A0F928F1}.Release|Any CPU.ActiveCfg = Release|Any CPU
		{B12C0ADB-948B-E2BB-73C7-7E76A0F928F1}.Release|Any CPU.Build.0 = Release|Any CPU
		{C98372C9-D9BD-37ED-7512-EEA59C578470}.Debug|Any CPU.ActiveCfg = Debug|Any CPU
		{C98372C9-D9BD-37ED-7512-EEA59C578470}.Debug|Any CPU.Build.0 = Debug|Any CPU
		{C98372C9-D9BD-37ED-7512-EEA59C578470}.Release|Any CPU.ActiveCfg = Release|Any CPU
		{C98372C9-D9BD-37ED-7512-EEA59C578470}.Release|Any CPU.Build.0 = Release|Any CPU
		{29578C43-042D-3A97-D7D2-4C1A31C73C88}.Debug|Any CPU.ActiveCfg = Debug|Any CPU
		{29578C43-042D-3A97-D7D2-4C1A31C73C88}.Debug|Any CPU.Build.0 = Debug|Any CPU
		{29578C43-042D-3A97-D7D2-4C1A31C73C88}.Release|Any CPU.ActiveCfg = Release|Any CPU
		{29578C43-042D-3A97-D7D2-4C1A31C73C88}.Release|Any CPU.Build.0 = Release|Any CPU
		{F807EDEA-0984-218A-9A75-04184E2D3B49}.Debug|Any CPU.ActiveCfg = Debug|Any CPU
		{F807EDEA-0984-218A-9A75-04184E2D3B49}.Debug|Any CPU.Build.0 = Debug|Any CPU
		{F807EDEA-0984-218A-9A75-04184E2D3B49}.Release|Any CPU.ActiveCfg = Release|Any CPU
		{F807EDEA-0984-218A-9A75-04184E2D3B49}.Release|Any CPU.Build.0 = Release|Any CPU
		{5F0D716D-82DE-5675-224D-E6C0803D02FF}.Debug|Any CPU.ActiveCfg = Debug|Any CPU
		{5F0D716D-82DE-5675-224D-E6C0803D02FF}.Debug|Any CPU.Build.0 = Debug|Any CPU
		{5F0D716D-82DE-5675-224D-E6C0803D02FF}.Release|Any CPU.ActiveCfg = Release|Any CPU
		{5F0D716D-82DE-5675-224D-E6C0803D02FF}.Release|Any CPU.Build.0 = Release|Any CPU
		{CD32D849-D02A-3026-DD2A-A7808243AB34}.Debug|Any CPU.ActiveCfg = Debug|Any CPU
		{CD32D849-D02A-3026-DD2A-A7808243AB34}.Debug|Any CPU.Build.0 = Debug|Any CPU
		{CD32D849-D02A-3026-DD2A-A7808243AB34}.Release|Any CPU.ActiveCfg = Release|Any CPU
		{CD32D849-D02A-3026-DD2A-A7808243AB34}.Release|Any CPU.Build.0 = Release|Any CPU
		{83AC2CED-3F1E-4332-570C-44E6302B2923}.Debug|Any CPU.ActiveCfg = Debug|Any CPU
		{83AC2CED-3F1E-4332-570C-44E6302B2923}.Debug|Any CPU.Build.0 = Debug|Any CPU
		{83AC2CED-3F1E-4332-570C-44E6302B2923}.Release|Any CPU.ActiveCfg = Release|Any CPU
		{83AC2CED-3F1E-4332-570C-44E6302B2923}.Release|Any CPU.Build.0 = Release|Any CPU
	EndGlobalSection
	GlobalSection(SolutionProperties) = preSolution
		HideSolutionNode = FALSE
	EndGlobalSection
EndGlobal
